
Microsoft Visual Studio Solution File, Format Version 12.00
Project("{FAE04EC0-301F-11D3-BF4B-00C04F79EFBC}") = "GetISO8601DateTime", "GetISO8601DateTime\GetISO8601DateTime.csproj", "{77D09865-E7B1-40B7-AA6A-43F732BF837E}"
EndProject
Global
	GlobalSection(SolutionConfigurationPlatforms) = preSolution
		Debug|Any CPU = Debug|Any CPU
		Release|Any CPU = Release|Any CPU
	EndGlobalSection
	GlobalSection(ProjectConfigurationPlatforms) = postSolution
		{77D09865-E7B1-40B7-AA6A-43F732BF837E}.Debug|Any CPU.ActiveCfg = Debug|Any CPU
		{77D09865-E7B1-40B7-AA6A-43F732BF837E}.Debug|Any CPU.Build.0 = Debug|Any CPU
		{77D09865-E7B1-40B7-AA6A-43F732BF837E}.Release|Any CPU.ActiveCfg = Release|Any CPU
		{77D09865-E7B1-40B7-AA6A-43F732BF837E}.Release|Any CPU.Build.0 = Release|Any CPU
	EndGlobalSection
EndGlobal
